// !$*UTF8*$!
{
	archiveVersion = 1;
	classes = {
	};
	objectVersion = 56;
	objects = {

/* Begin PBXBuildFile section */
		39A5F80A65D09FFB5B055CD9 /* Foundation.framework in Frameworks */ = {isa = PBXBuildFile; fileRef = 3CE8E935726F50ED02C9A64F /* Foundation.framework */; };
		3C2DD7C3250646CF909BCED7 /* KeyboardViewController.swift in Sources */ = {isa = PBXBuildFile; fileRef = 4935C4910DF142377EA7016A /* KeyboardViewController.swift */; };
		KB0000010000000000000001 /* WhisperKit in Frameworks */ = {isa = PBXBuildFile; productRef = KB0000020000000000000002 /* WhisperKit */; };
		50590D56DE420CDB641306B8 /* TranscriptKeyboard.appex in Embed Foundation Extensions */ = {isa = PBXBuildFile; fileRef = A126B7725B1AAD7FFD8AC7A9 /* TranscriptKeyboard.appex */; settings = {ATTRIBUTES = (RemoveHeadersOnCopy, ); }; };
		A10000010000000000000001 /* VoiceRecorderApp.swift in Sources */ = {isa = PBXBuildFile; fileRef = A20000010000000000000001 /* VoiceRecorderApp.swift */; };
		A10000020000000000000002 /* ContentView.swift in Sources */ = {isa = PBXBuildFile; fileRef = A20000020000000000000002 /* ContentView.swift */; };
		A10000030000000000000003 /* AudioRecorder.swift in Sources */ = {isa = PBXBuildFile; fileRef = A20000030000000000000003 /* AudioRecorder.swift */; };
		A10000040000000000000004 /* DatabaseManager.swift in Sources */ = {isa = PBXBuildFile; fileRef = A20000040000000000000004 /* DatabaseManager.swift */; };
		A10000050000000000000005 /* Assets.xcassets in Resources */ = {isa = PBXBuildFile; fileRef = A20000050000000000000005 /* Assets.xcassets */; };
		A10000060000000000000006 /* TranscriptionManager.swift in Sources */ = {isa = PBXBuildFile; fileRef = A20000060000000000000006 /* TranscriptionManager.swift */; };
		A10000070000000000000007 /* WhisperKit in Frameworks */ = {isa = PBXBuildFile; productRef = C10000010000000000000001 /* WhisperKit */; };
		A10000080000000000000008 /* LiveActivityManager.swift in Sources */ = {isa = PBXBuildFile; fileRef = A20000080000000000000008 /* LiveActivityManager.swift */; };
		A10000090000000000000009 /* VoiceRecorderAttributes.swift in Sources */ = {isa = PBXBuildFile; fileRef = A20000090000000000000009 /* VoiceRecorderAttributes.swift */; };
		A1000010000000000000000A /* AudioPlayer.swift in Sources */ = {isa = PBXBuildFile; fileRef = A2000010000000000000000A /* AudioPlayer.swift */; };
		A1000011000000000000000B /* FloatingPillWindow.swift in Sources */ = {isa = PBXBuildFile; fileRef = A2000011000000000000000B /* FloatingPillWindow.swift */; };
		A1000012000000000000000C /* AppIntents.swift in Sources */ = {isa = PBXBuildFile; fileRef = A2000012000000000000000C /* AppIntents.swift */; };
		A1000013000000000000000D /* SharedStorage.swift in Sources */ = {isa = PBXBuildFile; fileRef = A2000013000000000000000D /* SharedStorage.swift */; };
		E10000010000000000000001 /* WidgetKit.framework in Frameworks */ = {isa = PBXBuildFile; fileRef = E20000010000000000000001 /* WidgetKit.framework */; };
		E10000020000000000000002 /* SwiftUI.framework in Frameworks */ = {isa = PBXBuildFile; fileRef = E20000020000000000000002 /* SwiftUI.framework */; };
		E10000030000000000000003 /* VoiceRecorderWidgetBundle.swift in Sources */ = {isa = PBXBuildFile; fileRef = E20000030000000000000003 /* VoiceRecorderWidgetBundle.swift */; };
		E10000040000000000000004 /* VoiceRecorderLiveActivity.swift in Sources */ = {isa = PBXBuildFile; fileRef = E20000040000000000000004 /* VoiceRecorderLiveActivity.swift */; };
		E10000050000000000000005 /* VoiceRecorderWidgetExtension.appex in Embed Foundation Extensions */ = {isa = PBXBuildFile; fileRef = E30000010000000000000001 /* VoiceRecorderWidgetExtension.appex */; settings = {ATTRIBUTES = (RemoveHeadersOnCopy, ); }; };
		E10000060000000000000006 /* VoiceRecorderAttributes.swift in Sources */ = {isa = PBXBuildFile; fileRef = A20000090000000000000009 /* VoiceRecorderAttributes.swift */; };
/* End PBXBuildFile section */

/* Begin PBXContainerItemProxy section */
		19F0080340922B9A905DB9B4 /* PBXContainerItemProxy */ = {
			isa = PBXContainerItemProxy;
			containerPortal = A90000010000000000000001 /* Project object */;
			proxyType = 1;
			remoteGlobalIDString = 5EE1D1ED2118FD9BDA2A4F2D;
			remoteInfo = TranscriptKeyboard;
		};
		E40000010000000000000001 /* PBXContainerItemProxy */ = {
			isa = PBXContainerItemProxy;
			containerPortal = A90000010000000000000001 /* Project object */;
			proxyType = 1;
			remoteGlobalIDString = E50000010000000000000001;
			remoteInfo = VoiceRecorderWidgetExtension;
		};
/* End PBXContainerItemProxy section */

/* Begin PBXCopyFilesBuildPhase section */
		E60000010000000000000001 /* Embed Foundation Extensions */ = {
			isa = PBXCopyFilesBuildPhase;
			buildActionMask = 2147483647;
			dstPath = "";
			dstSubfolderSpec = 13;
			files = (
				E10000050000000000000005 /* VoiceRecorderWidgetExtension.appex in Embed Foundation Extensions */,
				50590D56DE420CDB641306B8 /* TranscriptKeyboard.appex in Embed Foundation Extensions */,
			);
			name = "Embed Foundation Extensions";
			runOnlyForDeploymentPostprocessing = 0;
		};
/* End PBXCopyFilesBuildPhase section */

/* Begin PBXFileReference section */
		3CE8E935726F50ED02C9A64F /* Foundation.framework */ = {isa = PBXFileReference; lastKnownFileType = wrapper.framework; name = Foundation.framework; path = Platforms/iPhoneOS.platform/Developer/SDKs/iPhoneOS18.0.sdk/System/Library/Frameworks/Foundation.framework; sourceTree = DEVELOPER_DIR; };
		4935C4910DF142377EA7016A /* KeyboardViewController.swift */ = {isa = PBXFileReference; includeInIndex = 1; lastKnownFileType = sourcecode.swift; path = KeyboardViewController.swift; sourceTree = "<group>"; };
		ENT0000010000000000000001 /* VoiceRecorder.entitlements */ = {isa = PBXFileReference; lastKnownFileType = text.plist.entitlements; path = VoiceRecorder.entitlements; sourceTree = "<group>"; };
		ENT0000020000000000000002 /* TranscriptKeyboard.entitlements */ = {isa = PBXFileReference; lastKnownFileType = text.plist.entitlements; path = TranscriptKeyboard.entitlements; sourceTree = "<group>"; };
		A126B7725B1AAD7FFD8AC7A9 /* TranscriptKeyboard.appex */ = {isa = PBXFileReference; explicitFileType = "wrapper.app-extension"; includeInIndex = 0; path = TranscriptKeyboard.appex; sourceTree = BUILT_PRODUCTS_DIR; };
		A20000010000000000000001 /* VoiceRecorderApp.swift */ = {isa = PBXFileReference; lastKnownFileType = sourcecode.swift; path = VoiceRecorderApp.swift; sourceTree = "<group>"; };
		A20000020000000000000002 /* ContentView.swift */ = {isa = PBXFileReference; lastKnownFileType = sourcecode.swift; path = ContentView.swift; sourceTree = "<group>"; };
		A20000030000000000000003 /* AudioRecorder.swift */ = {isa = PBXFileReference; lastKnownFileType = sourcecode.swift; path = AudioRecorder.swift; sourceTree = "<group>"; };
		A20000040000000000000004 /* DatabaseManager.swift */ = {isa = PBXFileReference; lastKnownFileType = sourcecode.swift; path = DatabaseManager.swift; sourceTree = "<group>"; };
		A20000050000000000000005 /* Assets.xcassets */ = {isa = PBXFileReference; lastKnownFileType = folder.assetcatalog; path = Assets.xcassets; sourceTree = "<group>"; };
		A20000060000000000000006 /* TranscriptionManager.swift */ = {isa = PBXFileReference; lastKnownFileType = sourcecode.swift; path = TranscriptionManager.swift; sourceTree = "<group>"; };
		A20000070000000000000007 /* Info.plist */ = {isa = PBXFileReference; lastKnownFileType = text.plist.xml; path = Info.plist; sourceTree = "<group>"; };
		A20000080000000000000008 /* LiveActivityManager.swift */ = {isa = PBXFileReference; lastKnownFileType = sourcecode.swift; path = LiveActivityManager.swift; sourceTree = "<group>"; };
		A20000090000000000000009 /* VoiceRecorderAttributes.swift */ = {isa = PBXFileReference; lastKnownFileType = sourcecode.swift; path = VoiceRecorderAttributes.swift; sourceTree = "<group>"; };
		A2000010000000000000000A /* AudioPlayer.swift */ = {isa = PBXFileReference; lastKnownFileType = sourcecode.swift; path = AudioPlayer.swift; sourceTree = "<group>"; };
		A2000011000000000000000B /* FloatingPillWindow.swift */ = {isa = PBXFileReference; lastKnownFileType = sourcecode.swift; path = FloatingPillWindow.swift; sourceTree = "<group>"; };
		A2000012000000000000000C /* AppIntents.swift */ = {isa = PBXFileReference; lastKnownFileType = sourcecode.swift; path = AppIntents.swift; sourceTree = "<group>"; };
		A2000013000000000000000D /* SharedStorage.swift */ = {isa = PBXFileReference; lastKnownFileType = sourcecode.swift; path = SharedStorage.swift; sourceTree = "<group>"; };
		A30000010000000000000001 /* VoiceRecorder.app */ = {isa = PBXFileReference; explicitFileType = wrapper.application; includeInIndex = 0; path = VoiceRecorder.app; sourceTree = BUILT_PRODUCTS_DIR; };
		C6509C08EE6B18CD7E2D6F10 /* Info.plist */ = {isa = PBXFileReference; includeInIndex = 1; lastKnownFileType = text.plist.xml; path = Info.plist; sourceTree = "<group>"; };
		E20000010000000000000001 /* WidgetKit.framework */ = {isa = PBXFileReference; lastKnownFileType = wrapper.framework; name = WidgetKit.framework; path = System/Library/Frameworks/WidgetKit.framework; sourceTree = SDKROOT; };
		E20000020000000000000002 /* SwiftUI.framework */ = {isa = PBXFileReference; lastKnownFileType = wrapper.framework; name = SwiftUI.framework; path = System/Library/Frameworks/SwiftUI.framework; sourceTree = SDKROOT; };
		E20000030000000000000003 /* VoiceRecorderWidgetBundle.swift */ = {isa = PBXFileReference; lastKnownFileType = sourcecode.swift; path = VoiceRecorderWidgetBundle.swift; sourceTree = "<group>"; };
		E20000040000000000000004 /* VoiceRecorderLiveActivity.swift */ = {isa = PBXFileReference; lastKnownFileType = sourcecode.swift; path = VoiceRecorderLiveActivity.swift; sourceTree = "<group>"; };
		E20000050000000000000005 /* Info.plist */ = {isa = PBXFileReference; lastKnownFileType = text.plist.xml; path = Info.plist; sourceTree = "<group>"; };
		E30000010000000000000001 /* VoiceRecorderWidgetExtension.appex */ = {isa = PBXFileReference; explicitFileType = "wrapper.app-extension"; includeInIndex = 0; path = VoiceRecorderWidgetExtension.appex; sourceTree = BUILT_PRODUCTS_DIR; };
/* End PBXFileReference section */

/* Begin PBXFrameworksBuildPhase section */
		2EE63EF9E5A224DE6F00AFFA /* Frameworks */ = {
			isa = PBXFrameworksBuildPhase;
			buildActionMask = 2147483647;
			files = (
				39A5F80A65D09FFB5B055CD9 /* Foundation.framework in Frameworks */,
				KB0000010000000000000001 /* WhisperKit in Frameworks */,
			);
			runOnlyForDeploymentPostprocessing = 0;
		};
		A40000010000000000000001 /* Frameworks */ = {
			isa = PBXFrameworksBuildPhase;
			buildActionMask = 2147483647;
			files = (
				A10000070000000000000007 /* WhisperKit in Frameworks */,
			);
			runOnlyForDeploymentPostprocessing = 0;
		};
		E70000010000000000000001 /* Frameworks */ = {
			isa = PBXFrameworksBuildPhase;
			buildActionMask = 2147483647;
			files = (
				E10000020000000000000002 /* SwiftUI.framework in Frameworks */,
				E10000010000000000000001 /* WidgetKit.framework in Frameworks */,
			);
			runOnlyForDeploymentPostprocessing = 0;
		};
/* End PBXFrameworksBuildPhase section */

/* Begin PBXGroup section */
		0B26E073E9B8454F45B0285A /* iOS */ = {
			isa = PBXGroup;
			children = (
				3CE8E935726F50ED02C9A64F /* Foundation.framework */,
			);
			name = iOS;
			sourceTree = "<group>";
		};
		5F550AA05EB2127A362065AF /* TranscriptKeyboard */ = {
			isa = PBXGroup;
			children = (
				4935C4910DF142377EA7016A /* KeyboardViewController.swift */,
				C6509C08EE6B18CD7E2D6F10 /* Info.plist */,
				ENT0000020000000000000002 /* TranscriptKeyboard.entitlements */,
			);
			name = TranscriptKeyboard;
			path = TranscriptKeyboard;
			sourceTree = "<group>";
		};
		A50000010000000000000001 = {
			isa = PBXGroup;
			children = (
				A50000020000000000000002 /* VoiceRecorder */,
				E80000010000000000000001 /* VoiceRecorderWidgetExtension */,
				A50000030000000000000003 /* Products */,
				A50000040000000000000004 /* Frameworks */,
				5F550AA05EB2127A362065AF /* TranscriptKeyboard */,
			);
			sourceTree = "<group>";
		};
		A50000020000000000000002 /* VoiceRecorder */ = {
			isa = PBXGroup;
			children = (
				A20000010000000000000001 /* VoiceRecorderApp.swift */,
				A20000020000000000000002 /* ContentView.swift */,
				A20000030000000000000003 /* AudioRecorder.swift */,
				A2000010000000000000000A /* AudioPlayer.swift */,
				A20000040000000000000004 /* DatabaseManager.swift */,
				A20000060000000000000006 /* TranscriptionManager.swift */,
				A20000080000000000000008 /* LiveActivityManager.swift */,
				A20000090000000000000009 /* VoiceRecorderAttributes.swift */,
				A2000011000000000000000B /* FloatingPillWindow.swift */,
				A2000012000000000000000C /* AppIntents.swift */,
				A2000013000000000000000D /* SharedStorage.swift */,
				A20000050000000000000005 /* Assets.xcassets */,
				A20000070000000000000007 /* Info.plist */,
				ENT0000010000000000000001 /* VoiceRecorder.entitlements */,
			);
			path = VoiceRecorder;
			sourceTree = "<group>";
		};
		A50000030000000000000003 /* Products */ = {
			isa = PBXGroup;
			children = (
				A30000010000000000000001 /* VoiceRecorder.app */,
				E30000010000000000000001 /* VoiceRecorderWidgetExtension.appex */,
				A126B7725B1AAD7FFD8AC7A9 /* TranscriptKeyboard.appex */,
			);
			name = Products;
			sourceTree = "<group>";
		};
		A50000040000000000000004 /* Frameworks */ = {
			isa = PBXGroup;
			children = (
				E20000010000000000000001 /* WidgetKit.framework */,
				E20000020000000000000002 /* SwiftUI.framework */,
				0B26E073E9B8454F45B0285A /* iOS */,
			);
			name = Frameworks;
			sourceTree = "<group>";
		};
		E80000010000000000000001 /* VoiceRecorderWidgetExtension */ = {
			isa = PBXGroup;
			children = (
				E20000030000000000000003 /* VoiceRecorderWidgetBundle.swift */,
				E20000040000000000000004 /* VoiceRecorderLiveActivity.swift */,
				E20000050000000000000005 /* Info.plist */,
			);
			path = VoiceRecorderWidgetExtension;
			sourceTree = "<group>";
		};
/* End PBXGroup section */

/* Begin PBXNativeTarget section */
		5EE1D1ED2118FD9BDA2A4F2D /* TranscriptKeyboard */ = {
			isa = PBXNativeTarget;
			buildConfigurationList = 37BEC1272880E14C91EE501F /* Build configuration list for PBXNativeTarget "TranscriptKeyboard" */;
			buildPhases = (
				093FD9423FAC49DB21FEA288 /* Sources */,
				2EE63EF9E5A224DE6F00AFFA /* Frameworks */,
				41A0F1507D67EC082DAB77DE /* Resources */,
			);
			buildRules = (
			);
			dependencies = (
			);
			name = TranscriptKeyboard;
			packageProductDependencies = (
				KB0000020000000000000002 /* WhisperKit */,
			);
			productName = TranscriptKeyboard;
			productReference = A126B7725B1AAD7FFD8AC7A9 /* TranscriptKeyboard.appex */;
			productType = "com.apple.product-type.app-extension";
		};
		A60000010000000000000001 /* VoiceRecorder */ = {
			isa = PBXNativeTarget;
			buildConfigurationList = A80000010000000000000001 /* Build configuration list for PBXNativeTarget "VoiceRecorder" */;
			buildPhases = (
				A70000010000000000000001 /* Sources */,
				A40000010000000000000001 /* Frameworks */,
				A70000020000000000000002 /* Resources */,
				E60000010000000000000001 /* Embed Foundation Extensions */,
			);
			buildRules = (
			);
			dependencies = (
				E90000010000000000000001 /* PBXTargetDependency */,
				09E7ED5A7AECB00F3934FC5B /* PBXTargetDependency */,
			);
			name = VoiceRecorder;
			packageProductDependencies = (
				C10000010000000000000001 /* WhisperKit */,
			);
			productName = VoiceRecorder;
			productReference = A30000010000000000000001 /* VoiceRecorder.app */;
			productType = "com.apple.product-type.application";
		};
		E50000010000000000000001 /* VoiceRecorderWidgetExtension */ = {
			isa = PBXNativeTarget;
			buildConfigurationList = EA0000010000000000000001 /* Build configuration list for PBXNativeTarget "VoiceRecorderWidgetExtension" */;
			buildPhases = (
				EB0000010000000000000001 /* Sources */,
				E70000010000000000000001 /* Frameworks */,
				EC0000010000000000000001 /* Resources */,
			);
			buildRules = (
			);
			dependencies = (
			);
			name = VoiceRecorderWidgetExtension;
			productName = VoiceRecorderWidgetExtension;
			productReference = E30000010000000000000001 /* VoiceRecorderWidgetExtension.appex */;
			productType = "com.apple.product-type.app-extension";
		};
/* End PBXNativeTarget section */

/* Begin PBXProject section */
		A90000010000000000000001 /* Project object */ = {
			isa = PBXProject;
			attributes = {
				BuildIndependentTargetsInParallel = 1;
				LastSwiftUpdateCheck = 1500;
				LastUpgradeCheck = 1500;
				TargetAttributes = {
					A60000010000000000000001 = {
						CreatedOnToolsVersion = 15.0;
					};
					E50000010000000000000001 = {
						CreatedOnToolsVersion = 15.0;
					};
				};
			};
			buildConfigurationList = A80000020000000000000002 /* Build configuration list for PBXProject "VoiceRecorder" */;
			compatibilityVersion = "Xcode 14.0";
			developmentRegion = en;
			hasScannedForEncodings = 0;
			knownRegions = (
				en,
				Base,
			);
			mainGroup = A50000010000000000000001;
			packageReferences = (
				D10000010000000000000001 /* XCRemoteSwiftPackageReference "WhisperKit" */,
			);
			productRefGroup = A50000030000000000000003 /* Products */;
			projectDirPath = "";
			projectRoot = "";
			targets = (
				A60000010000000000000001 /* VoiceRecorder */,
				E50000010000000000000001 /* VoiceRecorderWidgetExtension */,
				5EE1D1ED2118FD9BDA2A4F2D /* TranscriptKeyboard */,
			);
		};
/* End PBXProject section */

/* Begin PBXResourcesBuildPhase section */
		41A0F1507D67EC082DAB77DE /* Resources */ = {
			isa = PBXResourcesBuildPhase;
			buildActionMask = 2147483647;
			files = (
			);
			runOnlyForDeploymentPostprocessing = 0;
		};
		A70000020000000000000002 /* Resources */ = {
			isa = PBXResourcesBuildPhase;
			buildActionMask = 2147483647;
			files = (
				A10000050000000000000005 /* Assets.xcassets in Resources */,
			);
			runOnlyForDeploymentPostprocessing = 0;
		};
		EC0000010000000000000001 /* Resources */ = {
			isa = PBXResourcesBuildPhase;
			buildActionMask = 2147483647;
			files = (
			);
			runOnlyForDeploymentPostprocessing = 0;
		};
/* End PBXResourcesBuildPhase section */

/* Begin PBXSourcesBuildPhase section */
		093FD9423FAC49DB21FEA288 /* Sources */ = {
			isa = PBXSourcesBuildPhase;
			buildActionMask = 2147483647;
			files = (
				3C2DD7C3250646CF909BCED7 /* KeyboardViewController.swift in Sources */,
			);
			runOnlyForDeploymentPostprocessing = 0;
		};
		A70000010000000000000001 /* Sources */ = {
			isa = PBXSourcesBuildPhase;
			buildActionMask = 2147483647;
			files = (
				A10000010000000000000001 /* VoiceRecorderApp.swift in Sources */,
				A10000020000000000000002 /* ContentView.swift in Sources */,
				A10000030000000000000003 /* AudioRecorder.swift in Sources */,
				A1000010000000000000000A /* AudioPlayer.swift in Sources */,
				A10000040000000000000004 /* DatabaseManager.swift in Sources */,
				A10000060000000000000006 /* TranscriptionManager.swift in Sources */,
				A10000080000000000000008 /* LiveActivityManager.swift in Sources */,
				A10000090000000000000009 /* VoiceRecorderAttributes.swift in Sources */,
				A1000011000000000000000B /* FloatingPillWindow.swift in Sources */,
				A1000012000000000000000C /* AppIntents.swift in Sources */,
				A1000013000000000000000D /* SharedStorage.swift in Sources */,
			);
			runOnlyForDeploymentPostprocessing = 0;
		};
		EB0000010000000000000001 /* Sources */ = {
			isa = PBXSourcesBuildPhase;
			buildActionMask = 2147483647;
			files = (
				E10000030000000000000003 /* VoiceRecorderWidgetBundle.swift in Sources */,
				E10000040000000000000004 /* VoiceRecorderLiveActivity.swift in Sources */,
				E10000060000000000000006 /* VoiceRecorderAttributes.swift in Sources */,
			);
			runOnlyForDeploymentPostprocessing = 0;
		};
/* End PBXSourcesBuildPhase section */

/* Begin PBXTargetDependency section */
		09E7ED5A7AECB00F3934FC5B /* PBXTargetDependency */ = {
			isa = PBXTargetDependency;
			name = TranscriptKeyboard;
			target = 5EE1D1ED2118FD9BDA2A4F2D /* TranscriptKeyboard */;
			targetProxy = 19F0080340922B9A905DB9B4 /* PBXContainerItemProxy */;
		};
		E90000010000000000000001 /* PBXTargetDependency */ = {
			isa = PBXTargetDependency;
			target = E50000010000000000000001 /* VoiceRecorderWidgetExtension */;
			targetProxy = E40000010000000000000001 /* PBXContainerItemProxy */;
		};
/* End PBXTargetDependency section */

/* Begin XCBuildConfiguration section */
		87CEADDC554718DD404DAE19 /* Debug */ = {
			isa = XCBuildConfiguration;
			buildSettings = {
				CLANG_ENABLE_OBJC_WEAK = YES;
				CODE_SIGN_ENTITLEMENTS = TranscriptKeyboard/TranscriptKeyboard.entitlements;
				CODE_SIGN_STYLE = Automatic;
				CURRENT_PROJECT_VERSION = 1;
				DEVELOPMENT_TEAM = "";
				GENERATE_INFOPLIST_FILE = YES;
				INFOPLIST_FILE = TranscriptKeyboard/Info.plist;
				INFOPLIST_KEY_CFBundleDisplayName = Transcript;
				IPHONEOS_DEPLOYMENT_TARGET = 17.0;
				LD_RUNPATH_SEARCH_PATHS = (
					"$(inherited)",
					"@executable_path/Frameworks",
					"@executable_path/../../Frameworks",
				);
				MARKETING_VERSION = 1.0;
				PRODUCT_BUNDLE_IDENTIFIER = com.brainphart.voicerecorder.TranscriptKeyboard;
				PRODUCT_NAME = "$(TARGET_NAME)";
				SDKROOT = iphoneos;
				SKIP_INSTALL = YES;
				SUPPORTED_PLATFORMS = "iphoneos iphonesimulator";
				SUPPORTS_MACCATALYST = NO;
				SWIFT_VERSION = 5.0;
				TARGETED_DEVICE_FAMILY = "1,2";
			};
			name = Debug;
		};
		B10000010000000000000001 /* Debug */ = {
			isa = XCBuildConfiguration;
			buildSettings = {
				ASSETCATALOG_COMPILER_APPICON_NAME = AppIcon;
				CODE_SIGN_ENTITLEMENTS = VoiceRecorder/VoiceRecorder.entitlements;
				CODE_SIGN_STYLE = Automatic;
				CURRENT_PROJECT_VERSION = 1;
				DEVELOPMENT_TEAM = "";
				GENERATE_INFOPLIST_FILE = YES;
				INFOPLIST_FILE = VoiceRecorder/Info.plist;
				INFOPLIST_KEY_LSApplicationCategoryType = "public.app-category.productivity";
				INFOPLIST_KEY_NSMicrophoneUsageDescription = "Voice Recorder needs microphone access to record audio.";
				INFOPLIST_KEY_UIApplicationSceneManifest_Generation = YES;
				INFOPLIST_KEY_UIApplicationSupportsIndirectInputEvents = YES;
				INFOPLIST_KEY_UILaunchScreen_Generation = YES;
				INFOPLIST_KEY_UISupportedInterfaceOrientations_iPad = "UIInterfaceOrientationPortrait UIInterfaceOrientationPortraitUpsideDown UIInterfaceOrientationLandscapeLeft UIInterfaceOrientationLandscapeRight";
				INFOPLIST_KEY_UISupportedInterfaceOrientations_iPhone = "UIInterfaceOrientationPortrait UIInterfaceOrientationLandscapeLeft UIInterfaceOrientationLandscapeRight";
				LD_RUNPATH_SEARCH_PATHS = (
					"$(inherited)",
					"@executable_path/Frameworks",
				);
				MARKETING_VERSION = 1.0;
				PRODUCT_BUNDLE_IDENTIFIER = com.brainphart.voicerecorder;
				PRODUCT_NAME = "$(TARGET_NAME)";
				SUPPORTED_PLATFORMS = "iphoneos iphonesimulator";
				SUPPORTS_MACCATALYST = NO;
				SWIFT_EMIT_LOC_STRINGS = YES;
				SWIFT_VERSION = 5.0;
				TARGETED_DEVICE_FAMILY = "1,2";
			};
			name = Debug;
		};
		B10000020000000000000002 /* Release */ = {
			isa = XCBuildConfiguration;
			buildSettings = {
				ASSETCATALOG_COMPILER_APPICON_NAME = AppIcon;
				CODE_SIGN_ENTITLEMENTS = VoiceRecorder/VoiceRecorder.entitlements;
				CODE_SIGN_STYLE = Automatic;
				CURRENT_PROJECT_VERSION = 1;
				DEVELOPMENT_TEAM = "";
				GENERATE_INFOPLIST_FILE = YES;
				INFOPLIST_FILE = VoiceRecorder/Info.plist;
				INFOPLIST_KEY_LSApplicationCategoryType = "public.app-category.productivity";
				INFOPLIST_KEY_NSMicrophoneUsageDescription = "Voice Recorder needs microphone access to record audio.";
				INFOPLIST_KEY_UIApplicationSceneManifest_Generation = YES;
				INFOPLIST_KEY_UIApplicationSupportsIndirectInputEvents = YES;
				INFOPLIST_KEY_UILaunchScreen_Generation = YES;
				INFOPLIST_KEY_UISupportedInterfaceOrientations_iPad = "UIInterfaceOrientationPortrait UIInterfaceOrientationPortraitUpsideDown UIInterfaceOrientationLandscapeLeft UIInterfaceOrientationLandscapeRight";
				INFOPLIST_KEY_UISupportedInterfaceOrientations_iPhone = "UIInterfaceOrientationPortrait UIInterfaceOrientationLandscapeLeft UIInterfaceOrientationLandscapeRight";
				LD_RUNPATH_SEARCH_PATHS = (
					"$(inherited)",
					"@executable_path/Frameworks",
				);
				MARKETING_VERSION = 1.0;
				PRODUCT_BUNDLE_IDENTIFIER = com.brainphart.voicerecorder;
				PRODUCT_NAME = "$(TARGET_NAME)";
				SUPPORTED_PLATFORMS = "iphoneos iphonesimulator";
				SUPPORTS_MACCATALYST = NO;
				SWIFT_EMIT_LOC_STRINGS = YES;
				SWIFT_VERSION = 5.0;
				TARGETED_DEVICE_FAMILY = "1,2";
			};
			name = Release;
		};
		B20000010000000000000001 /* Debug */ = {
			isa = XCBuildConfiguration;
			buildSettings = {
				ALWAYS_SEARCH_USER_PATHS = NO;
				CLANG_ANALYZER_NONNULL = YES;
				CLANG_ANALYZER_NUMBER_OBJECT_CONVERSION = YES_AGGRESSIVE;
				CLANG_CXX_LANGUAGE_STANDARD = "gnu++20";
				CLANG_ENABLE_MODULES = YES;
				CLANG_ENABLE_OBJC_ARC = YES;
				CLANG_ENABLE_OBJC_WEAK = YES;
				CLANG_WARN_BLOCK_CAPTURE_AUTORELEASING = YES;
				CLANG_WARN_BOOL_CONVERSION = YES;
				CLANG_WARN_COMMA = YES;
				CLANG_WARN_CONSTANT_CONVERSION = YES;
				CLANG_WARN_DEPRECATED_OBJC_IMPLEMENTATIONS = YES;
				CLANG_WARN_DIRECT_OBJC_ISA_USAGE = YES_ERROR;
				CLANG_WARN_DOCUMENTATION_COMMENTS = YES;
				CLANG_WARN_EMPTY_BODY = YES;
				CLANG_WARN_ENUM_CONVERSION = YES;
				CLANG_WARN_INFINITE_RECURSION = YES;
				CLANG_WARN_INT_CONVERSION = YES;
				CLANG_WARN_NON_LITERAL_NULL_CONVERSION = YES;
				CLANG_WARN_OBJC_IMPLICIT_RETAIN_SELF = YES;
				CLANG_WARN_OBJC_LITERAL_CONVERSION = YES;
				CLANG_WARN_OBJC_ROOT_CLASS = YES_ERROR;
				CLANG_WARN_QUOTED_INCLUDE_IN_FRAMEWORK_HEADER = YES;
				CLANG_WARN_RANGE_LOOP_ANALYSIS = YES;
				CLANG_WARN_STRICT_PROTOTYPES = YES;
				CLANG_WARN_SUSPICIOUS_MOVE = YES;
				CLANG_WARN_UNGUARDED_AVAILABILITY = YES_AGGRESSIVE;
				CLANG_WARN_UNREACHABLE_CODE = YES;
				CLANG_WARN__DUPLICATE_METHOD_MATCH = YES;
				COPY_PHASE_STRIP = NO;
				DEBUG_INFORMATION_FORMAT = dwarf;
				ENABLE_STRICT_OBJC_MSGSEND = YES;
				ENABLE_TESTABILITY = YES;
				GCC_C_LANGUAGE_STANDARD = gnu11;
				GCC_DYNAMIC_NO_PIC = NO;
				GCC_NO_COMMON_BLOCKS = YES;
				GCC_OPTIMIZATION_LEVEL = 0;
				GCC_PREPROCESSOR_DEFINITIONS = (
					"DEBUG=1",
					"$(inherited)",
				);
				GCC_WARN_64_TO_32_BIT_CONVERSION = YES;
				GCC_WARN_ABOUT_RETURN_TYPE = YES_ERROR;
				GCC_WARN_UNDECLARED_SELECTOR = YES;
				GCC_WARN_UNINITIALIZED_AUTOS = YES_AGGRESSIVE;
				GCC_WARN_UNUSED_FUNCTION = YES;
				GCC_WARN_UNUSED_VARIABLE = YES;
				IPHONEOS_DEPLOYMENT_TARGET = 17.0;
				MTL_ENABLE_DEBUG_INFO = INCLUDE_SOURCE;
				MTL_FAST_MATH = YES;
				ONLY_ACTIVE_ARCH = YES;
				SDKROOT = iphoneos;
				SWIFT_ACTIVE_COMPILATION_CONDITIONS = DEBUG;
				SWIFT_OPTIMIZATION_LEVEL = "-Onone";
			};
			name = Debug;
		};
		B20000020000000000000002 /* Release */ = {
			isa = XCBuildConfiguration;
			buildSettings = {
				ALWAYS_SEARCH_USER_PATHS = NO;
				CLANG_ANALYZER_NONNULL = YES;
				CLANG_ANALYZER_NUMBER_OBJECT_CONVERSION = YES_AGGRESSIVE;
				CLANG_CXX_LANGUAGE_STANDARD = "gnu++20";
				CLANG_ENABLE_MODULES = YES;
				CLANG_ENABLE_OBJC_ARC = YES;
				CLANG_ENABLE_OBJC_WEAK = YES;
				CLANG_WARN_BLOCK_CAPTURE_AUTORELEASING = YES;
				CLANG_WARN_BOOL_CONVERSION = YES;
				CLANG_WARN_COMMA = YES;
				CLANG_WARN_CONSTANT_CONVERSION = YES;
				CLANG_WARN_DEPRECATED_OBJC_IMPLEMENTATIONS = YES;
				CLANG_WARN_DIRECT_OBJC_ISA_USAGE = YES_ERROR;
				CLANG_WARN_DOCUMENTATION_COMMENTS = YES;
				CLANG_WARN_EMPTY_BODY = YES;
				CLANG_WARN_ENUM_CONVERSION = YES;
				CLANG_WARN_INFINITE_RECURSION = YES;
				CLANG_WARN_INT_CONVERSION = YES;
				CLANG_WARN_NON_LITERAL_NULL_CONVERSION = YES;
				CLANG_WARN_OBJC_IMPLICIT_RETAIN_SELF = YES;
				CLANG_WARN_OBJC_LITERAL_CONVERSION = YES;
				CLANG_WARN_OBJC_ROOT_CLASS = YES_ERROR;
				CLANG_WARN_QUOTED_INCLUDE_IN_FRAMEWORK_HEADER = YES;
				CLANG_WARN_RANGE_LOOP_ANALYSIS = YES;
				CLANG_WARN_STRICT_PROTOTYPES = YES;
				CLANG_WARN_SUSPICIOUS_MOVE = YES;
				CLANG_WARN_UNGUARDED_AVAILABILITY = YES_AGGRESSIVE;
				CLANG_WARN_UNREACHABLE_CODE = YES;
				CLANG_WARN__DUPLICATE_METHOD_MATCH = YES;
				COPY_PHASE_STRIP = NO;
				DEBUG_INFORMATION_FORMAT = "dwarf-with-dsym";
				ENABLE_NS_ASSERTIONS = NO;
				ENABLE_STRICT_OBJC_MSGSEND = YES;
				GCC_C_LANGUAGE_STANDARD = gnu11;
				GCC_NO_COMMON_BLOCKS = YES;
				GCC_WARN_64_TO_32_BIT_CONVERSION = YES;
				GCC_WARN_ABOUT_RETURN_TYPE = YES_ERROR;
				GCC_WARN_UNDECLARED_SELECTOR = YES;
				GCC_WARN_UNINITIALIZED_AUTOS = YES_AGGRESSIVE;
				GCC_WARN_UNUSED_FUNCTION = YES;
				GCC_WARN_UNUSED_VARIABLE = YES;
				IPHONEOS_DEPLOYMENT_TARGET = 17.0;
				MTL_ENABLE_DEBUG_INFO = NO;
				MTL_FAST_MATH = YES;
				SDKROOT = iphoneos;
				SWIFT_COMPILATION_MODE = wholemodule;
				SWIFT_OPTIMIZATION_LEVEL = "-O";
				VALIDATE_PRODUCT = YES;
			};
			name = Release;
		};
		ED0000010000000000000001 /* Debug */ = {
			isa = XCBuildConfiguration;
			buildSettings = {
				ASSETCATALOG_COMPILER_GLOBAL_ACCENT_COLOR_NAME = AccentColor;
				ASSETCATALOG_COMPILER_WIDGET_BACKGROUND_COLOR_NAME = WidgetBackground;
				CODE_SIGN_STYLE = Automatic;
				CURRENT_PROJECT_VERSION = 1;
				DEVELOPMENT_TEAM = "";
				GENERATE_INFOPLIST_FILE = YES;
				INFOPLIST_FILE = VoiceRecorderWidgetExtension/Info.plist;
				INFOPLIST_KEY_CFBundleDisplayName = VoiceRecorderWidget;
				INFOPLIST_KEY_NSHumanReadableCopyright = "";
				LD_RUNPATH_SEARCH_PATHS = (
					"$(inherited)",
					"@executable_path/Frameworks",
					"@executable_path/../../Frameworks",
				);
				MARKETING_VERSION = 1.0;
				PRODUCT_BUNDLE_IDENTIFIER = com.brainphart.voicerecorder.widget;
				PRODUCT_NAME = "$(TARGET_NAME)";
				SKIP_INSTALL = YES;
				SUPPORTED_PLATFORMS = "iphoneos iphonesimulator";
				SUPPORTS_MACCATALYST = NO;
				SWIFT_EMIT_LOC_STRINGS = YES;
				SWIFT_VERSION = 5.0;
				TARGETED_DEVICE_FAMILY = "1,2";
			};
			name = Debug;
		};
		ED0000020000000000000002 /* Release */ = {
			isa = XCBuildConfiguration;
			buildSettings = {
				ASSETCATALOG_COMPILER_GLOBAL_ACCENT_COLOR_NAME = AccentColor;
				ASSETCATALOG_COMPILER_WIDGET_BACKGROUND_COLOR_NAME = WidgetBackground;
				CODE_SIGN_STYLE = Automatic;
				CURRENT_PROJECT_VERSION = 1;
				DEVELOPMENT_TEAM = "";
				GENERATE_INFOPLIST_FILE = YES;
				INFOPLIST_FILE = VoiceRecorderWidgetExtension/Info.plist;
				INFOPLIST_KEY_CFBundleDisplayName = VoiceRecorderWidget;
				INFOPLIST_KEY_NSHumanReadableCopyright = "";
				LD_RUNPATH_SEARCH_PATHS = (
					"$(inherited)",
					"@executable_path/Frameworks",
					"@executable_path/../../Frameworks",
				);
				MARKETING_VERSION = 1.0;
				PRODUCT_BUNDLE_IDENTIFIER = com.brainphart.voicerecorder.widget;
				PRODUCT_NAME = "$(TARGET_NAME)";
				SKIP_INSTALL = YES;
				SUPPORTED_PLATFORMS = "iphoneos iphonesimulator";
				SUPPORTS_MACCATALYST = NO;
				SWIFT_EMIT_LOC_STRINGS = YES;
				SWIFT_VERSION = 5.0;
				TARGETED_DEVICE_FAMILY = "1,2";
			};
			name = Release;
		};
		F6287CAC49640318FF2C9A0C /* Release */ = {
			isa = XCBuildConfiguration;
			buildSettings = {
				CLANG_ENABLE_OBJC_WEAK = YES;
				CODE_SIGN_ENTITLEMENTS = TranscriptKeyboard/TranscriptKeyboard.entitlements;
				CODE_SIGN_STYLE = Automatic;
				CURRENT_PROJECT_VERSION = 1;
				DEVELOPMENT_TEAM = "";
				GENERATE_INFOPLIST_FILE = YES;
				INFOPLIST_FILE = TranscriptKeyboard/Info.plist;
				INFOPLIST_KEY_CFBundleDisplayName = Transcript;
				IPHONEOS_DEPLOYMENT_TARGET = 17.0;
				LD_RUNPATH_SEARCH_PATHS = (
					"$(inherited)",
					"@executable_path/Frameworks",
					"@executable_path/../../Frameworks",
				);
				MARKETING_VERSION = 1.0;
				PRODUCT_BUNDLE_IDENTIFIER = com.brainphart.voicerecorder.TranscriptKeyboard;
				PRODUCT_NAME = "$(TARGET_NAME)";
				SDKROOT = iphoneos;
				SKIP_INSTALL = YES;
				SUPPORTED_PLATFORMS = "iphoneos iphonesimulator";
				SUPPORTS_MACCATALYST = NO;
				SWIFT_VERSION = 5.0;
				TARGETED_DEVICE_FAMILY = "1,2";
				VALIDATE_PRODUCT = YES;
			};
			name = Release;
		};
/* End XCBuildConfiguration section */

/* Begin XCConfigurationList section */
		37BEC1272880E14C91EE501F /* Build configuration list for PBXNativeTarget "TranscriptKeyboard" */ = {
			isa = XCConfigurationList;
			buildConfigurations = (
				F6287CAC49640318FF2C9A0C /* Release */,
				87CEADDC554718DD404DAE19 /* Debug */,
			);
			defaultConfigurationIsVisible = 0;
			defaultConfigurationName = Release;
		};
		A80000010000000000000001 /* Build configuration list for PBXNativeTarget "VoiceRecorder" */ = {
			isa = XCConfigurationList;
			buildConfigurations = (
				B10000010000000000000001 /* Debug */,
				B10000020000000000000002 /* Release */,
			);
			defaultConfigurationIsVisible = 0;
			defaultConfigurationName = Release;
		};
		A80000020000000000000002 /* Build configuration list for PBXProject "VoiceRecorder" */ = {
			isa = XCConfigurationList;
			buildConfigurations = (
				B20000010000000000000001 /* Debug */,
				B20000020000000000000002 /* Release */,
			);
			defaultConfigurationIsVisible = 0;
			defaultConfigurationName = Release;
		};
		EA0000010000000000000001 /* Build configuration list for PBXNativeTarget "VoiceRecorderWidgetExtension" */ = {
			isa = XCConfigurationList;
			buildConfigurations = (
				ED0000010000000000000001 /* Debug */,
				ED0000020000000000000002 /* Release */,
			);
			defaultConfigurationIsVisible = 0;
			defaultConfigurationName = Release;
		};
/* End XCConfigurationList section */

/* Begin XCRemoteSwiftPackageReference section */
		D10000010000000000000001 /* XCRemoteSwiftPackageReference "WhisperKit" */ = {
			isa = XCRemoteSwiftPackageReference;
			repositoryURL = "https://github.com/argmaxinc/WhisperKit";
			requirement = {
				kind = upToNextMajorVersion;
				minimumVersion = 0.9.0;
			};
		};
/* End XCRemoteSwiftPackageReference section */

/* Begin XCSwiftPackageProductDependency section */
		C10000010000000000000001 /* WhisperKit */ = {
			isa = XCSwiftPackageProductDependency;
			package = D10000010000000000000001 /* XCRemoteSwiftPackageReference "WhisperKit" */;
			productName = WhisperKit;
		};
		KB0000020000000000000002 /* WhisperKit */ = {
			isa = XCSwiftPackageProductDependency;
			package = D10000010000000000000001 /* XCRemoteSwiftPackageReference "WhisperKit" */;
			productName = WhisperKit;
		};
/* End XCSwiftPackageProductDependency section */
	};
	rootObject = A90000010000000000000001 /* Project object */;
}
